// !$*UTF8*$!
{
	archiveVersion = 1;
	classes = {
	};
	objectVersion = 50;
	objects = {

/* Begin PBXBuildFile section */
		0A9D4A4F22F03D9C00606B54 /* main.swift in Sources */ = {isa = PBXBuildFile; fileRef = 0A9D4A4E22F03D9C00606B54 /* main.swift */; };
		0A9D4A5622F04A1200606B54 /* demo.swift in Sources */ = {isa = PBXBuildFile; fileRef = 0A9D4A5522F04A1200606B54 /* demo.swift */; };
		0A9D4A5922F04F8E00606B54 /* UnorderedLinkedList.swift in Sources */ = {isa = PBXBuildFile; fileRef = 0A9D4A5822F04F8E00606B54 /* UnorderedLinkedList.swift */; };
		0A9D4A5C22F05E1000606B54 /* orderedList.swift in Sources */ = {isa = PBXBuildFile; fileRef = 0A9D4A5B22F05E1000606B54 /* orderedList.swift */; };
/* End PBXBuildFile section */

/* Begin PBXCopyFilesBuildPhase section */
		0A9D4A4922F03D9C00606B54 /* CopyFiles */ = {
			isa = PBXCopyFilesBuildPhase;
			buildActionMask = 2147483647;
			dstPath = /usr/share/man/man1/;
			dstSubfolderSpec = 0;
			files = (
			);
			runOnlyForDeploymentPostprocessing = 1;
		};
/* End PBXCopyFilesBuildPhase section */

/* Begin PBXFileReference section */
		0A9D4A4B22F03D9C00606B54 /* Datastructure */ = {isa = PBXFileReference; explicitFileType = "compiled.mach-o.executable"; includeInIndex = 0; path = Datastructure; sourceTree = BUILT_PRODUCTS_DIR; };
		0A9D4A4E22F03D9C00606B54 /* main.swift */ = {isa = PBXFileReference; lastKnownFileType = sourcecode.swift; path = main.swift; sourceTree = "<group>"; };
		0A9D4A5522F04A1200606B54 /* demo.swift */ = {isa = PBXFileReference; lastKnownFileType = sourcecode.swift; path = demo.swift; sourceTree = "<group>"; };
		0A9D4A5822F04F8E00606B54 /* UnorderedLinkedList.swift */ = {isa = PBXFileReference; lastKnownFileType = sourcecode.swift; path = UnorderedLinkedList.swift; sourceTree = "<group>"; };
		0A9D4A5B22F05E1000606B54 /* orderedList.swift */ = {isa = PBXFileReference; lastKnownFileType = sourcecode.swift; path = orderedList.swift; sourceTree = "<group>"; };
/* End PBXFileReference section */

/* Begin PBXFrameworksBuildPhase section */
		0A9D4A4822F03D9C00606B54 /* Frameworks */ = {
			isa = PBXFrameworksBuildPhase;
			buildActionMask = 2147483647;
			files = (
			);
			runOnlyForDeploymentPostprocessing = 0;
		};
/* End PBXFrameworksBuildPhase section */

/* Begin PBXGroup section */
		0A9D4A4222F03D9C00606B54 = {
			isa = PBXGroup;
			children = (
				0A9D4A4D22F03D9C00606B54 /* Datastructure */,
				0A9D4A4C22F03D9C00606B54 /* Products */,
			);
			sourceTree = "<group>";
		};
		0A9D4A4C22F03D9C00606B54 /* Products */ = {
			isa = PBXGroup;
			children = (
				0A9D4A4B22F03D9C00606B54 /* Datastructure */,
			);
			name = Products;
			sourceTree = "<group>";
		};
		0A9D4A4D22F03D9C00606B54 /* Datastructure */ = {
			isa = PBXGroup;
			children = (
				0A9D4A5A22F05DF900606B54 /* OrderedList */,
				0A9D4A5722F04F5500606B54 /* UnorderedList */,
				0A9D4A4E22F03D9C00606B54 /* main.swift */,
				0A9D4A5522F04A1200606B54 /* demo.swift */,
			);
			path = Datastructure;
			sourceTree = "<group>";
		};
		0A9D4A5722F04F5500606B54 /* UnorderedList */ = {
			isa = PBXGroup;
			children = (
				0A9D4A5822F04F8E00606B54 /* UnorderedLinkedList.swift */,
			);
			path = UnorderedList;
			sourceTree = "<group>";
		};
		0A9D4A5A22F05DF900606B54 /* OrderedList */ = {
			isa = PBXGroup;
			children = (
				0A9D4A5B22F05E1000606B54 /* orderedList.swift */,
			);
			path = OrderedList;
			sourceTree = "<group>";
		};
/* End PBXGroup section */

/* Begin PBXNativeTarget section */
		0A9D4A4A22F03D9C00606B54 /* Datastructure */ = {
			isa = PBXNativeTarget;
			buildConfigurationList = 0A9D4A5222F03D9C00606B54 /* Build configuration list for PBXNativeTarget "Datastructure" */;
			buildPhases = (
				0A9D4A4722F03D9C00606B54 /* Sources */,
				0A9D4A4822F03D9C00606B54 /* Frameworks */,
				0A9D4A4922F03D9C00606B54 /* CopyFiles */,
			);
			buildRules = (
			);
			dependencies = (
			);
			name = Datastructure;
			productName = Datastructure;
			productReference = 0A9D4A4B22F03D9C00606B54 /* Datastructure */;
			productType = "com.apple.product-type.tool";
		};
/* End PBXNativeTarget section */

/* Begin PBXProject section */
		0A9D4A4322F03D9C00606B54 /* Project object */ = {
			isa = PBXProject;
			attributes = {
				LastSwiftUpdateCheck = 1030;
				LastUpgradeCheck = 1030;
				ORGANIZATIONNAME = BridgeLabz;
				TargetAttributes = {
					0A9D4A4A22F03D9C00606B54 = {
						CreatedOnToolsVersion = 10.3;
					};
				};
			};
			buildConfigurationList = 0A9D4A4622F03D9C00606B54 /* Build configuration list for PBXProject "Datastructure" */;
			compatibilityVersion = "Xcode 9.3";
			developmentRegion = en;
			hasScannedForEncodings = 0;
			knownRegions = (
				en,
			);
			mainGroup = 0A9D4A4222F03D9C00606B54;
			productRefGroup = 0A9D4A4C22F03D9C00606B54 /* Products */;
			projectDirPath = "";
			projectRoot = "";
			targets = (
				0A9D4A4A22F03D9C00606B54 /* Datastructure */,
			);
		};
/* End PBXProject section */

/* Begin PBXSourcesBuildPhase section */
		0A9D4A4722F03D9C00606B54 /* Sources */ = {
			isa = PBXSourcesBuildPhase;
			buildActionMask = 2147483647;
			files = (
				0A9D4A5922F04F8E00606B54 /* UnorderedLinkedList.swift in Sources */,
				0A9D4A5C22F05E1000606B54 /* orderedList.swift in Sources */,
				0A9D4A5622F04A1200606B54 /* demo.swift in Sources */,
				0A9D4A4F22F03D9C00606B54 /* main.swift in Sources */,
			);
			runOnlyForDeploymentPostprocessing = 0;
		};
/* End PBXSourcesBuildPhase section */

/* Begin XCBuildConfiguration section */
		0A9D4A5022F03D9C00606B54 /* Debug */ = {
			isa = XCBuildConfiguration;
			buildSettings = {
				ALWAYS_SEARCH_USER_PATHS = NO;
				CLANG_ANALYZER_NONNULL = YES;
				CLANG_ANALYZER_NUMBER_OBJECT_CONVERSION = YES_AGGRESSIVE;
				CLANG_CXX_LANGUAGE_STANDARD = "gnu++14";
				CLANG_CXX_LIBRARY = "libc++";
				CLANG_ENABLE_MODULES = YES;
				CLANG_ENABLE_OBJC_ARC = YES;
				CLANG_ENABLE_OBJC_WEAK = YES;
				CLANG_WARN_BLOCK_CAPTURE_AUTORELEASING = YES;
				CLANG_WARN_BOOL_CONVERSION = YES;
				CLANG_WARN_COMMA = YES;
				CLANG_WARN_CONSTANT_CONVERSION = YES;
				CLANG_WARN_DEPRECATED_OBJC_IMPLEMENTATIONS = YES;
				CLANG_WARN_DIRECT_OBJC_ISA_USAGE = YES_ERROR;
				CLANG_WARN_DOCUMENTATION_COMMENTS = YES;
				CLANG_WARN_EMPTY_BODY = YES;
				CLANG_WARN_ENUM_CONVERSION = YES;
				CLANG_WARN_INFINITE_RECURSION = YES;
				CLANG_WARN_INT_CONVERSION = YES;
				CLANG_WARN_NON_LITERAL_NULL_CONVERSION = YES;
				CLANG_WARN_OBJC_IMPLICIT_RETAIN_SELF = YES;
				CLANG_WARN_OBJC_LITERAL_CONVERSION = YES;
				CLANG_WARN_OBJC_ROOT_CLASS = YES_ERROR;
				CLANG_WARN_RANGE_LOOP_ANALYSIS = YES;
				CLANG_WARN_STRICT_PROTOTYPES = YES;
				CLANG_WARN_SUSPICIOUS_MOVE = YES;
				CLANG_WARN_UNGUARDED_AVAILABILITY = YES_AGGRESSIVE;
				CLANG_WARN_UNREACHABLE_CODE = YES;
				CLANG_WARN__DUPLICATE_METHOD_MATCH = YES;
				CODE_SIGN_IDENTITY = "-";
				COPY_PHASE_STRIP = NO;
				DEBUG_INFORMATION_FORMAT = dwarf;
				ENABLE_STRICT_OBJC_MSGSEND = YES;
				ENABLE_TESTABILITY = YES;
				GCC_C_LANGUAGE_STANDARD = gnu11;
				GCC_DYNAMIC_NO_PIC = NO;
				GCC_NO_COMMON_BLOCKS = YES;
				GCC_OPTIMIZATION_LEVEL = 0;
				GCC_PREPROCESSOR_DEFINITIONS = (
					"DEBUG=1",
					"$(inherited)",
				);
				GCC_WARN_64_TO_32_BIT_CONVERSION = YES;
				GCC_WARN_ABOUT_RETURN_TYPE = YES_ERROR;
				GCC_WARN_UNDECLARED_SELECTOR = YES;
				GCC_WARN_UNINITIALIZED_AUTOS = YES_AGGRESSIVE;
				GCC_WARN_UNUSED_FUNCTION = YES;
				GCC_WARN_UNUSED_VARIABLE = YES;
				MACOSX_DEPLOYMENT_TARGET = 10.14;
				MTL_ENABLE_DEBUG_INFO = INCLUDE_SOURCE;
				MTL_FAST_MATH = YES;
				ONLY_ACTIVE_ARCH = YES;
				SDKROOT = macosx;
				SWIFT_ACTIVE_COMPILATION_CONDITIONS = DEBUG;
				SWIFT_OPTIMIZATION_LEVEL = "-Onone";
			};
			name = Debug;
		};
		0A9D4A5122F03D9C00606B54 /* Release */ = {
			isa = XCBuildConfiguration;
			buildSettings = {
				ALWAYS_SEARCH_USER_PATHS = NO;
				CLANG_ANALYZER_NONNULL = YES;
				CLANG_ANALYZER_NUMBER_OBJECT_CONVERSION = YES_AGGRESSIVE;
				CLANG_CXX_LANGUAGE_STANDARD = "gnu++14";
				CLANG_CXX_LIBRARY = "libc++";
				CLANG_ENABLE_MODULES = YES;
				CLANG_ENABLE_OBJC_ARC = YES;
				CLANG_ENABLE_OBJC_WEAK = YES;
				CLANG_WARN_BLOCK_CAPTURE_AUTORELEASING = YES;
				CLANG_WARN_BOOL_CONVERSION = YES;
				CLANG_WARN_COMMA = YES;
				CLANG_WARN_CONSTANT_CONVERSION = YES;
				CLANG_WARN_DEPRECATED_OBJC_IMPLEMENTATIONS = YES;
				CLANG_WARN_DIRECT_OBJC_ISA_USAGE = YES_ERROR;
				CLANG_WARN_DOCUMENTATION_COMMENTS = YES;
				CLANG_WARN_EMPTY_BODY = YES;
				CLANG_WARN_ENUM_CONVERSION = YES;
				CLANG_WARN_INFINITE_RECURSION = YES;
				CLANG_WARN_INT_CONVERSION = YES;
				CLANG_WARN_NON_LITERAL_NULL_CONVERSION = YES;
				CLANG_WARN_OBJC_IMPLICIT_RETAIN_SELF = YES;
				CLANG_WARN_OBJC_LITERAL_CONVERSION = YES;
				CLANG_WARN_OBJC_ROOT_CLASS = YES_ERROR;
				CLANG_WARN_RANGE_LOOP_ANALYSIS = YES;
				CLANG_WARN_STRICT_PROTOTYPES = YES;
				CLANG_WARN_SUSPICIOUS_MOVE = YES;
				CLANG_WARN_UNGUARDED_AVAILABILITY = YES_AGGRESSIVE;
				CLANG_WARN_UNREACHABLE_CODE = YES;
				CLANG_WARN__DUPLICATE_METHOD_MATCH = YES;
				CODE_SIGN_IDENTITY = "-";
				COPY_PHASE_STRIP = NO;
				DEBUG_INFORMATION_FORMAT = "dwarf-with-dsym";
				ENABLE_NS_ASSERTIONS = NO;
				ENABLE_STRICT_OBJC_MSGSEND = YES;
				GCC_C_LANGUAGE_STANDARD = gnu11;
				GCC_NO_COMMON_BLOCKS = YES;
				GCC_WARN_64_TO_32_BIT_CONVERSION = YES;
				GCC_WARN_ABOUT_RETURN_TYPE = YES_ERROR;
				GCC_WARN_UNDECLARED_SELECTOR = YES;
				GCC_WARN_UNINITIALIZED_AUTOS = YES_AGGRESSIVE;
				GCC_WARN_UNUSED_FUNCTION = YES;
				GCC_WARN_UNUSED_VARIABLE = YES;
				MACOSX_DEPLOYMENT_TARGET = 10.14;
				MTL_ENABLE_DEBUG_INFO = NO;
				MTL_FAST_MATH = YES;
				SDKROOT = macosx;
				SWIFT_COMPILATION_MODE = wholemodule;
				SWIFT_OPTIMIZATION_LEVEL = "-O";
			};
			name = Release;
		};
		0A9D4A5322F03D9C00606B54 /* Debug */ = {
			isa = XCBuildConfiguration;
			buildSettings = {
				CODE_SIGN_STYLE = Automatic;
				PRODUCT_NAME = "$(TARGET_NAME)";
				SWIFT_VERSION = 5.0;
			};
			name = Debug;
		};
		0A9D4A5422F03D9C00606B54 /* Release */ = {
			isa = XCBuildConfiguration;
			buildSettings = {
				CODE_SIGN_STYLE = Automatic;
				PRODUCT_NAME = "$(TARGET_NAME)";
				SWIFT_VERSION = 5.0;
			};
			name = Release;
		};
/* End XCBuildConfiguration section */

/* Begin XCConfigurationList section */
		0A9D4A4622F03D9C00606B54 /* Build configuration list for PBXProject "Datastructure" */ = {
			isa = XCConfigurationList;
			buildConfigurations = (
				0A9D4A5022F03D9C00606B54 /* Debug */,
				0A9D4A5122F03D9C00606B54 /* Release */,
			);
			defaultConfigurationIsVisible = 0;
			defaultConfigurationName = Release;
		};
		0A9D4A5222F03D9C00606B54 /* Build configuration list for PBXNativeTarget "Datastructure" */ = {
			isa = XCConfigurationList;
			buildConfigurations = (
				0A9D4A5322F03D9C00606B54 /* Debug */,
				0A9D4A5422F03D9C00606B54 /* Release */,
			);
			defaultConfigurationIsVisible = 0;
			defaultConfigurationName = Release;
		};
/* End XCConfigurationList section */
	};
	rootObject = 0A9D4A4322F03D9C00606B54 /* Project object */;
}
